
Microsoft Visual Studio Solution File, Format Version 12.00
# Visual Studio 15
VisualStudioVersion = 15.0.27130.2027
MinimumVisualStudioVersion = 10.0.40219.1
Project("{8BC9CEB8-8B4A-11D0-8D11-00A0C91BC942}") = "AsyncWorkerStuff", "AsyncWorkerStuff.vcxproj", "{BACEE4EC-B84B-4948-B3B6-C2269DB994FF}"
EndProject
Project("{8BC9CEB8-8B4A-11D0-8D11-00A0C91BC942}") = "CppTests", "..\CppTests\CppTests.vcxproj", "{4A613182-A5F5-4763-9143-2FA5CBAABB7B}"
EndProject
Global
	GlobalSection(SolutionConfigurationPlatforms) = preSolution
		Debug|x64 = Debug|x64
		Debug|x86 = Debug|x86
		Release|x64 = Release|x64
		Release|x86 = Release|x86
	EndGlobalSection
	GlobalSection(ProjectConfigurationPlatforms) = postSolution
		{BACEE4EC-B84B-4948-B3B6-C2269DB994FF}.Debug|x64.ActiveCfg = Debug|x64
		{BACEE4EC-B84B-4948-B3B6-C2269DB994FF}.Debug|x64.Build.0 = Debug|x64
		{BACEE4EC-B84B-4948-B3B6-C2269DB994FF}.Debug|x86.ActiveCfg = Debug|Win32
		{BACEE4EC-B84B-4948-B3B6-C2269DB994FF}.Debug|x86.Build.0 = Debug|Win32
		{BACEE4EC-B84B-4948-B3B6-C2269DB994FF}.Release|x64.ActiveCfg = Release|x64
		{BACEE4EC-B84B-4948-B3B6-C2269DB994FF}.Release|x64.Build.0 = Release|x64
		{BACEE4EC-B84B-4948-B3B6-C2269DB994FF}.Release|x86.ActiveCfg = Release|Win32
		{BACEE4EC-B84B-4948-B3B6-C2269DB994FF}.Release|x86.Build.0 = Release|Win32
		{4A613182-A5F5-4763-9143-2FA5CBAABB7B}.Debug|x64.ActiveCfg = Debug|x64
		{4A613182-A5F5-4763-9143-2FA5CBAABB7B}.Debug|x64.Build.0 = Debug|x64
		{4A613182-A5F5-4763-9143-2FA5CBAABB7B}.Debug|x86.ActiveCfg = Debug|Win32
		{4A613182-A5F5-4763-9143-2FA5CBAABB7B}.Debug|x86.Build.0 = Debug|Win32
		{4A613182-A5F5-4763-9143-2FA5CBAABB7B}.Release|x64.ActiveCfg = Release|x64
		{4A613182-A5F5-4763-9143-2FA5CBAABB7B}.Release|x64.Build.0 = Release|x64
		{4A613182-A5F5-4763-9143-2FA5CBAABB7B}.Release|x86.ActiveCfg = Release|Win32
		{4A613182-A5F5-4763-9143-2FA5CBAABB7B}.Release|x86.Build.0 = Release|Win32
	EndGlobalSection
	GlobalSection(SolutionProperties) = preSolution
		HideSolutionNode = FALSE
	EndGlobalSection
	GlobalSection(ExtensibilityGlobals) = postSolution
		SolutionGuid = {BD8A7869-0DB0-4E55-96D6-C9877BC7B673}
	EndGlobalSection
EndGlobal
