<?xml version="1.0" encoding="utf-8"?>
<Project ToolsVersion="4.0" xmlns="http://schemas.microsoft.com/developer/msbuild/2003">
  <ItemGroup>
    <Filter Include="Source Files">
      <UniqueIdentifier>{4FC737F1-C7A5-4376-A066-2A32D752A2FF}</UniqueIdentifier>
      <Extensions>cpp;c;cc;cxx;def;odl;idl;hpj;bat;asm;asmx</Extensions>
    </Filter>
    <Filter Include="Header Files">
      <UniqueIdentifier>{93995380-89BD-4b04-88EB-625FBE52EBFB}</UniqueIdentifier>
      <Extensions>h;hh;hpp;hxx;hm;inl;inc;xsd</Extensions>
    </Filter>
    <Filter Include="Resource Files">
      <UniqueIdentifier>{67DA6AB6-F800-4c08-8B7A-83BB121AAD01}</UniqueIdentifier>
      <Extensions>rc;ico;cur;bmp;dlg;rc2;rct;bin;rgs;gif;jpg;jpeg;jpe;resx;tiff;tif;png;wav;mfcribbon-ms</Extensions>
    </Filter>
    <Filter Include="JSW Header Files">
      <UniqueIdentifier>{f57d2396-6fb6-481e-ae96-7891083a31db}</UniqueIdentifier>
    </Filter>
    <Filter Include="JSW Source Files">
      <UniqueIdentifier>{974710e9-1142-4cbe-a4c0-092ae3ec27ad}</UniqueIdentifier>
    </Filter>
    <Filter Include="TestFiles">
      <UniqueIdentifier>{91a0424e-5d11-4dfe-94ca-90b5c33f53f4}</UniqueIdentifier>
    </Filter>
  </ItemGroup>
  <ItemGroup>
    <ClInclude Include="asyncCBclass.h">
      <Filter>Header Files</Filter>
    </ClInclude>
    <ClInclude Include="CtoJS.h">
      <Filter>JSW Header Files</Filter>
    </ClInclude>
    <ClInclude Include="json.hpp">
      <Filter>Header Files</Filter>
    </ClInclude>
    <ClInclude Include="common.h">
      <Filter>Header Files</Filter>
    </ClInclude>
    <ClInclude Include="WinAPIWrap.h">
      <Filter>Header Files</Filter>
    </ClInclude>
    <ClInclude Include="ComTestInstanciations.h">
      <Filter>TestFiles</Filter>
    </ClInclude>
  </ItemGroup>
  <ItemGroup>
    <ClCompile Include="asyncCBclass.cpp">
      <Filter>Source Files</Filter>
    </ClCompile>
    <ClCompile Include="CtoJS.cc">
      <Filter>JSW Source Files</Filter>
    </ClCompile>
    <ClCompile Include="index.cc">
      <Filter>JSW Source Files</Filter>
    </ClCompile>
    <ClCompile Include="WinAPIWrap.cpp">
      <Filter>Source Files</Filter>
    </ClCompile>
    <ClCompile Include="ComTestInstanciations.cpp">
      <Filter>TestFiles</Filter>
    </ClCompile>
  </ItemGroup>
</Project>